// !$*UTF8*$!
{
	archiveVersion = 1;
	classes = {
	};
	objectVersion = 46;
	objects = {

/* Begin PBXBuildFile section */
		4ECF7DC61A869DE20010A5B1 /* AppDelegate.swift in Sources */ = {isa = PBXBuildFile; fileRef = 4ECF7DC51A869DE20010A5B1 /* AppDelegate.swift */; };
		4ECF7DC91A869DE20010A5B1 /* AddressBook.xcdatamodeld in Sources */ = {isa = PBXBuildFile; fileRef = 4ECF7DC71A869DE20010A5B1 /* AddressBook.xcdatamodeld */; };
		4ECF7DCB1A869DE20010A5B1 /* MasterViewController.swift in Sources */ = {isa = PBXBuildFile; fileRef = 4ECF7DCA1A869DE20010A5B1 /* MasterViewController.swift */; };
		4ECF7DCD1A869DE20010A5B1 /* DetailViewController.swift in Sources */ = {isa = PBXBuildFile; fileRef = 4ECF7DCC1A869DE20010A5B1 /* DetailViewController.swift */; };
		4ECF7DD01A869DE20010A5B1 /* Main.storyboard in Resources */ = {isa = PBXBuildFile; fileRef = 4ECF7DCE1A869DE20010A5B1 /* Main.storyboard */; };
		4ECF7DD21A869DE20010A5B1 /* Images.xcassets in Resources */ = {isa = PBXBuildFile; fileRef = 4ECF7DD11A869DE20010A5B1 /* Images.xcassets */; };
		4ECF7DD51A869DE20010A5B1 /* LaunchScreen.xib in Resources */ = {isa = PBXBuildFile; fileRef = 4ECF7DD31A869DE20010A5B1 /* LaunchScreen.xib */; };
		4ECF7DE11A869DE20010A5B1 /* AddressBookTests.swift in Sources */ = {isa = PBXBuildFile; fileRef = 4ECF7DE01A869DE20010A5B1 /* AddressBookTests.swift */; };
		4ECF7DEB1A86A1D90010A5B1 /* Contact.swift in Sources */ = {isa = PBXBuildFile; fileRef = 4ECF7DEA1A86A1D90010A5B1 /* Contact.swift */; };
		4EDA3C961A86B1B2002EFA9F /* AddEditTableViewController.swift in Sources */ = {isa = PBXBuildFile; fileRef = 4EDA3C951A86B1B2002EFA9F /* AddEditTableViewController.swift */; };
		4EDA3C981A86C4A6002EFA9F /* InstructionsViewController.swift in Sources */ = {isa = PBXBuildFile; fileRef = 4EDA3C971A86C4A6002EFA9F /* InstructionsViewController.swift */; };
/* End PBXBuildFile section */

/* Begin PBXContainerItemProxy section */
		4ECF7DDB1A869DE20010A5B1 /* PBXContainerItemProxy */ = {
			isa = PBXContainerItemProxy;
			containerPortal = 4ECF7DB81A869DE20010A5B1 /* Project object */;
			proxyType = 1;
			remoteGlobalIDString = 4ECF7DBF1A869DE20010A5B1;
			remoteInfo = AddressBook;
		};
/* End PBXContainerItemProxy section */

/* Begin PBXFileReference section */
		4ECF7DC01A869DE20010A5B1 /* AddressBook.app */ = {isa = PBXFileReference; explicitFileType = wrapper.application; includeInIndex = 0; path = AddressBook.app; sourceTree = BUILT_PRODUCTS_DIR; };
		4ECF7DC41A869DE20010A5B1 /* Info.plist */ = {isa = PBXFileReference; lastKnownFileType = text.plist.xml; path = Info.plist; sourceTree = "<group>"; };
		4ECF7DC51A869DE20010A5B1 /* AppDelegate.swift */ = {isa = PBXFileReference; lastKnownFileType = sourcecode.swift; path = AppDelegate.swift; sourceTree = "<group>"; };
		4ECF7DC81A869DE20010A5B1 /* AddressBook.xcdatamodel */ = {isa = PBXFileReference; lastKnownFileType = wrapper.xcdatamodel; path = AddressBook.xcdatamodel; sourceTree = "<group>"; };
		4ECF7DCA1A869DE20010A5B1 /* MasterViewController.swift */ = {isa = PBXFileReference; lastKnownFileType = sourcecode.swift; path = MasterViewController.swift; sourceTree = "<group>"; };
		4ECF7DCC1A869DE20010A5B1 /* DetailViewController.swift */ = {isa = PBXFileReference; lastKnownFileType = sourcecode.swift; path = DetailViewController.swift; sourceTree = "<group>"; };
		4ECF7DCF1A869DE20010A5B1 /* Base */ = {isa = PBXFileReference; lastKnownFileType = file.storyboard; name = Base; path = Base.lproj/Main.storyboard; sourceTree = "<group>"; };
		4ECF7DD11A869DE20010A5B1 /* Images.xcassets */ = {isa = PBXFileReference; lastKnownFileType = folder.assetcatalog; path = Images.xcassets; sourceTree = "<group>"; };
		4ECF7DD41A869DE20010A5B1 /* Base */ = {isa = PBXFileReference; lastKnownFileType = file.xib; name = Base; path = Base.lproj/LaunchScreen.xib; sourceTree = "<group>"; };
		4ECF7DDA1A869DE20010A5B1 /* AddressBookTests.xctest */ = {isa = PBXFileReference; explicitFileType = wrapper.cfbundle; includeInIndex = 0; path = AddressBookTests.xctest; sourceTree = BUILT_PRODUCTS_DIR; };
		4ECF7DDF1A869DE20010A5B1 /* Info.plist */ = {isa = PBXFileReference; lastKnownFileType = text.plist.xml; path = Info.plist; sourceTree = "<group>"; };
		4ECF7DE01A869DE20010A5B1 /* AddressBookTests.swift */ = {isa = PBXFileReference; lastKnownFileType = sourcecode.swift; path = AddressBookTests.swift; sourceTree = "<group>"; };
		4ECF7DEA1A86A1D90010A5B1 /* Contact.swift */ = {isa = PBXFileReference; fileEncoding = 4; lastKnownFileType = sourcecode.swift; path = Contact.swift; sourceTree = "<group>"; };
		4EDA3C951A86B1B2002EFA9F /* AddEditTableViewController.swift */ = {isa = PBXFileReference; fileEncoding = 4; lastKnownFileType = sourcecode.swift; path = AddEditTableViewController.swift; sourceTree = "<group>"; };
		4EDA3C971A86C4A6002EFA9F /* InstructionsViewController.swift */ = {isa = PBXFileReference; fileEncoding = 4; lastKnownFileType = sourcecode.swift; path = InstructionsViewController.swift; sourceTree = "<group>"; };
/* End PBXFileReference section */

/* Begin PBXFrameworksBuildPhase section */
		4ECF7DBD1A869DE20010A5B1 /* Frameworks */ = {
			isa = PBXFrameworksBuildPhase;
			buildActionMask = 2147483647;
			files = (
			);
			runOnlyForDeploymentPostprocessing = 0;
		};
		4ECF7DD71A869DE20010A5B1 /* Frameworks */ = {
			isa = PBXFrameworksBuildPhase;
			buildActionMask = 2147483647;
			files = (
			);
			runOnlyForDeploymentPostprocessing = 0;
		};
/* End PBXFrameworksBuildPhase section */

/* Begin PBXGroup section */
		4ECF7DB71A869DE20010A5B1 = {
			isa = PBXGroup;
			children = (
				4ECF7DC21A869DE20010A5B1 /* AddressBook */,
				4ECF7DDD1A869DE20010A5B1 /* AddressBookTests */,
				4ECF7DC11A869DE20010A5B1 /* Products */,
			);
			sourceTree = "<group>";
		};
		4ECF7DC11A869DE20010A5B1 /* Products */ = {
			isa = PBXGroup;
			children = (
				4ECF7DC01A869DE20010A5B1 /* AddressBook.app */,
				4ECF7DDA1A869DE20010A5B1 /* AddressBookTests.xctest */,
			);
			name = Products;
			sourceTree = "<group>";
		};
		4ECF7DC21A869DE20010A5B1 /* AddressBook */ = {
			isa = PBXGroup;
			children = (
				4ECF7DC51A869DE20010A5B1 /* AppDelegate.swift */,
				4ECF7DCA1A869DE20010A5B1 /* MasterViewController.swift */,
				4ECF7DCC1A869DE20010A5B1 /* DetailViewController.swift */,
				4ECF7DCE1A869DE20010A5B1 /* Main.storyboard */,
				4ECF7DD11A869DE20010A5B1 /* Images.xcassets */,
				4ECF7DD31A869DE20010A5B1 /* LaunchScreen.xib */,
				4ECF7DC71A869DE20010A5B1 /* AddressBook.xcdatamodeld */,
				4ECF7DEA1A86A1D90010A5B1 /* Contact.swift */,
				4ECF7DC31A869DE20010A5B1 /* Supporting Files */,
				4EDA3C951A86B1B2002EFA9F /* AddEditTableViewController.swift */,
				4EDA3C971A86C4A6002EFA9F /* InstructionsViewController.swift */,
			);
			path = AddressBook;
			sourceTree = "<group>";
		};
		4ECF7DC31A869DE20010A5B1 /* Supporting Files */ = {
			isa = PBXGroup;
			children = (
				4ECF7DC41A869DE20010A5B1 /* Info.plist */,
			);
			name = "Supporting Files";
			sourceTree = "<group>";
		};
		4ECF7DDD1A869DE20010A5B1 /* AddressBookTests */ = {
			isa = PBXGroup;
			children = (
				4ECF7DE01A869DE20010A5B1 /* AddressBookTests.swift */,
				4ECF7DDE1A869DE20010A5B1 /* Supporting Files */,
			);
			path = AddressBookTests;
			sourceTree = "<group>";
		};
		4ECF7DDE1A869DE20010A5B1 /* Supporting Files */ = {
			isa = PBXGroup;
			children = (
				4ECF7DDF1A869DE20010A5B1 /* Info.plist */,
			);
			name = "Supporting Files";
			sourceTree = "<group>";
		};
/* End PBXGroup section */

/* Begin PBXNativeTarget section */
		4ECF7DBF1A869DE20010A5B1 /* AddressBook */ = {
			isa = PBXNativeTarget;
			buildConfigurationList = 4ECF7DE41A869DE20010A5B1 /* Build configuration list for PBXNativeTarget "AddressBook" */;
			buildPhases = (
				4ECF7DBC1A869DE20010A5B1 /* Sources */,
				4ECF7DBD1A869DE20010A5B1 /* Frameworks */,
				4ECF7DBE1A869DE20010A5B1 /* Resources */,
			);
			buildRules = (
			);
			dependencies = (
			);
			name = AddressBook;
			productName = AddressBook;
			productReference = 4ECF7DC01A869DE20010A5B1 /* AddressBook.app */;
			productType = "com.apple.product-type.application";
		};
		4ECF7DD91A869DE20010A5B1 /* AddressBookTests */ = {
			isa = PBXNativeTarget;
			buildConfigurationList = 4ECF7DE71A869DE20010A5B1 /* Build configuration list for PBXNativeTarget "AddressBookTests" */;
			buildPhases = (
				4ECF7DD61A869DE20010A5B1 /* Sources */,
				4ECF7DD71A869DE20010A5B1 /* Frameworks */,
				4ECF7DD81A869DE20010A5B1 /* Resources */,
			);
			buildRules = (
			);
			dependencies = (
				4ECF7DDC1A869DE20010A5B1 /* PBXTargetDependency */,
			);
			name = AddressBookTests;
			productName = AddressBookTests;
			productReference = 4ECF7DDA1A869DE20010A5B1 /* AddressBookTests.xctest */;
			productType = "com.apple.product-type.bundle.unit-test";
		};
/* End PBXNativeTarget section */

/* Begin PBXProject section */
		4ECF7DB81A869DE20010A5B1 /* Project object */ = {
			isa = PBXProject;
			attributes = {
				LastUpgradeCheck = 0610;
				ORGANIZATIONNAME = garyshirk;
				TargetAttributes = {
					4ECF7DBF1A869DE20010A5B1 = {
						CreatedOnToolsVersion = 6.1.1;
					};
					4ECF7DD91A869DE20010A5B1 = {
						CreatedOnToolsVersion = 6.1.1;
						TestTargetID = 4ECF7DBF1A869DE20010A5B1;
					};
				};
			};
			buildConfigurationList = 4ECF7DBB1A869DE20010A5B1 /* Build configuration list for PBXProject "AddressBook" */;
			compatibilityVersion = "Xcode 3.2";
			developmentRegion = English;
			hasScannedForEncodings = 0;
			knownRegions = (
				en,
				Base,
			);
			mainGroup = 4ECF7DB71A869DE20010A5B1;
			productRefGroup = 4ECF7DC11A869DE20010A5B1 /* Products */;
			projectDirPath = "";
			projectRoot = "";
			targets = (
				4ECF7DBF1A869DE20010A5B1 /* AddressBook */,
				4ECF7DD91A869DE20010A5B1 /* AddressBookTests */,
			);
		};
/* End PBXProject section */

/* Begin PBXResourcesBuildPhase section */
		4ECF7DBE1A869DE20010A5B1 /* Resources */ = {
			isa = PBXResourcesBuildPhase;
			buildActionMask = 2147483647;
			files = (
				4ECF7DD01A869DE20010A5B1 /* Main.storyboard in Resources */,
				4ECF7DD51A869DE20010A5B1 /* LaunchScreen.xib in Resources */,
				4ECF7DD21A869DE20010A5B1 /* Images.xcassets in Resources */,
			);
			runOnlyForDeploymentPostprocessing = 0;
		};
		4ECF7DD81A869DE20010A5B1 /* Resources */ = {
			isa = PBXResourcesBuildPhase;
			buildActionMask = 2147483647;
			files = (
			);
			runOnlyForDeploymentPostprocessing = 0;
		};
/* End PBXResourcesBuildPhase section */

/* Begin PBXSourcesBuildPhase section */
		4ECF7DBC1A869DE20010A5B1 /* Sources */ = {
			isa = PBXSourcesBuildPhase;
			buildActionMask = 2147483647;
			files = (
				4EDA3C961A86B1B2002EFA9F /* AddEditTableViewController.swift in Sources */,
				4ECF7DC61A869DE20010A5B1 /* AppDelegate.swift in Sources */,
				4ECF7DC91A869DE20010A5B1 /* AddressBook.xcdatamodeld in Sources */,
				4ECF7DEB1A86A1D90010A5B1 /* Contact.swift in Sources */,
				4ECF7DCB1A869DE20010A5B1 /* MasterViewController.swift in Sources */,
				4EDA3C981A86C4A6002EFA9F /* InstructionsViewController.swift in Sources */,
				4ECF7DCD1A869DE20010A5B1 /* DetailViewController.swift in Sources */,
			);
			runOnlyForDeploymentPostprocessing = 0;
		};
		4ECF7DD61A869DE20010A5B1 /* Sources */ = {
			isa = PBXSourcesBuildPhase;
			buildActionMask = 2147483647;
			files = (
				4ECF7DE11A869DE20010A5B1 /* AddressBookTests.swift in Sources */,
			);
			runOnlyForDeploymentPostprocessing = 0;
		};
/* End PBXSourcesBuildPhase section */

/* Begin PBXTargetDependency section */
		4ECF7DDC1A869DE20010A5B1 /* PBXTargetDependency */ = {
			isa = PBXTargetDependency;
			target = 4ECF7DBF1A869DE20010A5B1 /* AddressBook */;
			targetProxy = 4ECF7DDB1A869DE20010A5B1 /* PBXContainerItemProxy */;
		};
/* End PBXTargetDependency section */

/* Begin PBXVariantGroup section */
		4ECF7DCE1A869DE20010A5B1 /* Main.storyboard */ = {
			isa = PBXVariantGroup;
			children = (
				4ECF7DCF1A869DE20010A5B1 /* Base */,
			);
			name = Main.storyboard;
			sourceTree = "<group>";
		};
		4ECF7DD31A869DE20010A5B1 /* LaunchScreen.xib */ = {
			isa = PBXVariantGroup;
			children = (
				4ECF7DD41A869DE20010A5B1 /* Base */,
			);
			name = LaunchScreen.xib;
			sourceTree = "<group>";
		};
/* End PBXVariantGroup section */

/* Begin XCBuildConfiguration section */
		4ECF7DE21A869DE20010A5B1 /* Debug */ = {
			isa = XCBuildConfiguration;
			buildSettings = {
				ALWAYS_SEARCH_USER_PATHS = NO;
				CLANG_CXX_LANGUAGE_STANDARD = "gnu++0x";
				CLANG_CXX_LIBRARY = "libc++";
				CLANG_ENABLE_MODULES = YES;
				CLANG_ENABLE_OBJC_ARC = YES;
				CLANG_WARN_BOOL_CONVERSION = YES;
				CLANG_WARN_CONSTANT_CONVERSION = YES;
				CLANG_WARN_DIRECT_OBJC_ISA_USAGE = YES_ERROR;
				CLANG_WARN_EMPTY_BODY = YES;
				CLANG_WARN_ENUM_CONVERSION = YES;
				CLANG_WARN_INT_CONVERSION = YES;
				CLANG_WARN_OBJC_ROOT_CLASS = YES_ERROR;
				CLANG_WARN_UNREACHABLE_CODE = YES;
				CLANG_WARN__DUPLICATE_METHOD_MATCH = YES;
				"CODE_SIGN_IDENTITY[sdk=iphoneos*]" = "iPhone Developer";
				COPY_PHASE_STRIP = NO;
				ENABLE_STRICT_OBJC_MSGSEND = YES;
				GCC_C_LANGUAGE_STANDARD = gnu99;
				GCC_DYNAMIC_NO_PIC = NO;
				GCC_OPTIMIZATION_LEVEL = 0;
				GCC_PREPROCESSOR_DEFINITIONS = (
					"DEBUG=1",
					"$(inherited)",
				);
				GCC_SYMBOLS_PRIVATE_EXTERN = NO;
				GCC_WARN_64_TO_32_BIT_CONVERSION = YES;
				GCC_WARN_ABOUT_RETURN_TYPE = YES_ERROR;
				GCC_WARN_UNDECLARED_SELECTOR = YES;
				GCC_WARN_UNINITIALIZED_AUTOS = YES_AGGRESSIVE;
				GCC_WARN_UNUSED_FUNCTION = YES;
				GCC_WARN_UNUSED_VARIABLE = YES;
				IPHONEOS_DEPLOYMENT_TARGET = 8.1;
				MTL_ENABLE_DEBUG_INFO = YES;
				ONLY_ACTIVE_ARCH = YES;
				SDKROOT = iphoneos;
				SWIFT_OPTIMIZATION_LEVEL = "-Onone";
				TARGETED_DEVICE_FAMILY = "1,2";
			};
			name = Debug;
		};
		4ECF7DE31A869DE20010A5B1 /* Release */ = {
			isa = XCBuildConfiguration;
			buildSettings = {
				ALWAYS_SEARCH_USER_PATHS = NO;
				CLANG_CXX_LANGUAGE_STANDARD = "gnu++0x";
				CLANG_CXX_LIBRARY = "libc++";
				CLANG_ENABLE_MODULES = YES;
				CLANG_ENABLE_OBJC_ARC = YES;
				CLANG_WARN_BOOL_CONVERSION = YES;
				CLANG_WARN_CONSTANT_CONVERSION = YES;
				CLANG_WARN_DIRECT_OBJC_ISA_USAGE = YES_ERROR;
				CLANG_WARN_EMPTY_BODY = YES;
				CLANG_WARN_ENUM_CONVERSION = YES;
				CLANG_WARN_INT_CONVERSION = YES;
				CLANG_WARN_OBJC_ROOT_CLASS = YES_ERROR;
				CLANG_WARN_UNREACHABLE_CODE = YES;
				CLANG_WARN__DUPLICATE_METHOD_MATCH = YES;
				"CODE_SIGN_IDENTITY[sdk=iphoneos*]" = "iPhone Developer";
				COPY_PHASE_STRIP = YES;
				ENABLE_NS_ASSERTIONS = NO;
				ENABLE_STRICT_OBJC_MSGSEND = YES;
				GCC_C_LANGUAGE_STANDARD = gnu99;
				GCC_WARN_64_TO_32_BIT_CONVERSION = YES;
				GCC_WARN_ABOUT_RETURN_TYPE = YES_ERROR;
				GCC_WARN_UNDECLARED_SELECTOR = YES;
				GCC_WARN_UNINITIALIZED_AUTOS = YES_AGGRESSIVE;
				GCC_WARN_UNUSED_FUNCTION = YES;
				GCC_WARN_UNUSED_VARIABLE = YES;
				IPHONEOS_DEPLOYMENT_TARGET = 8.1;
				MTL_ENABLE_DEBUG_INFO = NO;
				SDKROOT = iphoneos;
				TARGETED_DEVICE_FAMILY = "1,2";
				VALIDATE_PRODUCT = YES;
			};
			name = Release;
		};
		4ECF7DE51A869DE20010A5B1 /* Debug */ = {
			isa = XCBuildConfiguration;
			buildSettings = {
				ASSETCATALOG_COMPILER_APPICON_NAME = AppIcon;
				INFOPLIST_FILE = AddressBook/Info.plist;
				LD_RUNPATH_SEARCH_PATHS = "$(inherited) @executable_path/Frameworks";
				PRODUCT_NAME = "$(TARGET_NAME)";
			};
			name = Debug;
		};
		4ECF7DE61A869DE20010A5B1 /* Release */ = {
			isa = XCBuildConfiguration;
			buildSettings = {
				ASSETCATALOG_COMPILER_APPICON_NAME = AppIcon;
				INFOPLIST_FILE = AddressBook/Info.plist;
				LD_RUNPATH_SEARCH_PATHS = "$(inherited) @executable_path/Frameworks";
				PRODUCT_NAME = "$(TARGET_NAME)";
			};
			name = Release;
		};
		4ECF7DE81A869DE20010A5B1 /* Debug */ = {
			isa = XCBuildConfiguration;
			buildSettings = {
				BUNDLE_LOADER = "$(TEST_HOST)";
				FRAMEWORK_SEARCH_PATHS = (
					"$(SDKROOT)/Developer/Library/Frameworks",
					"$(inherited)",
				);
				GCC_PREPROCESSOR_DEFINITIONS = (
					"DEBUG=1",
					"$(inherited)",
				);
				INFOPLIST_FILE = AddressBookTests/Info.plist;
				LD_RUNPATH_SEARCH_PATHS = "$(inherited) @executable_path/Frameworks @loader_path/Frameworks";
				PRODUCT_NAME = "$(TARGET_NAME)";
				TEST_HOST = "$(BUILT_PRODUCTS_DIR)/AddressBook.app/AddressBook";
			};
			name = Debug;
		};
		4ECF7DE91A869DE20010A5B1 /* Release */ = {
			isa = XCBuildConfiguration;
			buildSettings = {
				BUNDLE_LOADER = "$(TEST_HOST)";
				FRAMEWORK_SEARCH_PATHS = (
					"$(SDKROOT)/Developer/Library/Frameworks",
					"$(inherited)",
				);
				INFOPLIST_FILE = AddressBookTests/Info.plist;
				LD_RUNPATH_SEARCH_PATHS = "$(inherited) @executable_path/Frameworks @loader_path/Frameworks";
				PRODUCT_NAME = "$(TARGET_NAME)";
				TEST_HOST = "$(BUILT_PRODUCTS_DIR)/AddressBook.app/AddressBook";
			};
			name = Release;
		};
/* End XCBuildConfiguration section */

/* Begin XCConfigurationList section */
		4ECF7DBB1A869DE20010A5B1 /* Build configuration list for PBXProject "AddressBook" */ = {
			isa = XCConfigurationList;
			buildConfigurations = (
				4ECF7DE21A869DE20010A5B1 /* Debug */,
				4ECF7DE31A869DE20010A5B1 /* Release */,
			);
			defaultConfigurationIsVisible = 0;
			defaultConfigurationName = Release;
		};
		4ECF7DE41A869DE20010A5B1 /* Build configuration list for PBXNativeTarget "AddressBook" */ = {
			isa = XCConfigurationList;
			buildConfigurations = (
				4ECF7DE51A869DE20010A5B1 /* Debug */,
				4ECF7DE61A869DE20010A5B1 /* Release */,
			);
			defaultConfigurationIsVisible = 0;
			defaultConfigurationName = Release;
		};
		4ECF7DE71A869DE20010A5B1 /* Build configuration list for PBXNativeTarget "AddressBookTests" */ = {
			isa = XCConfigurationList;
			buildConfigurations = (
				4ECF7DE81A869DE20010A5B1 /* Debug */,
				4ECF7DE91A869DE20010A5B1 /* Release */,
			);
			defaultConfigurationIsVisible = 0;
			defaultConfigurationName = Release;
		};
/* End XCConfigurationList section */

/* Begin XCVersionGroup section */
		4ECF7DC71A869DE20010A5B1 /* AddressBook.xcdatamodeld */ = {
			isa = XCVersionGroup;
			children = (
				4ECF7DC81A869DE20010A5B1 /* AddressBook.xcdatamodel */,
			);
			currentVersion = 4ECF7DC81A869DE20010A5B1 /* AddressBook.xcdatamodel */;
			path = AddressBook.xcdatamodeld;
			sourceTree = "<group>";
			versionGroupType = wrapper.xcdatamodel;
		};
/* End XCVersionGroup section */
	};
	rootObject = 4ECF7DB81A869DE20010A5B1 /* Project object */;
}
